{
    "_readme": [
        "This file locks the dependencies of your project to a known state",
        "Read more about it at https://getcomposer.org/doc/01-basic-usage.md#composer-lock-the-lock-file",
        "This file is @generated automatically"
    ],
    "hash": "2c09c5a29925d150c28ee8b33660acab",
    "content-hash": "9b4d6da947df4e520a87ba4b0d7ad76a",
    "packages": [
        {
            "name": "algolia/algoliasearch-client-php",
            "version": "1.5.8",
            "source": {
                "type": "git",
                "url": "https://github.com/algolia/algoliasearch-client-php.git",
                "reference": "04c6cecc413c47ad101f6766d0799b8e7b3a06dd"
            },
            "dist": {
                "type": "zip",
                "url": "https://api.github.com/repos/algolia/algoliasearch-client-php/zipball/04c6cecc413c47ad101f6766d0799b8e7b3a06dd",
                "reference": "04c6cecc413c47ad101f6766d0799b8e7b3a06dd",
                "shasum": ""
            },
            "require": {
                "ext-mbstring": "*"
            },
            "require-dev": {
                "phpunit/phpunit": "4.0.*",
                "satooshi/php-coveralls": "dev-master"
            },
            "type": "library",
            "autoload": {
                "psr-0": {
                    "AlgoliaSearch": "src/",
                    "AlgoliaSearch\\Tests": "tests/"
                }
            },
            "notification-url": "https://packagist.org/downloads/",
            "license": [
                "MIT"
            ],
            "authors": [
                {
                    "name": "Algolia Team",
                    "email": "contact@algolia.com"
                },
                {
                    "name": "Ryan T. Catlin",
                    "email": "ryan.catlin@gmail.com"
                },
                {
                    "name": "Jonathan H. Wage",
                    "email": "jonwage@gmail.com"
                }
            ],
            "description": "Algolia Search API Client for PHP",
            "homepage": "https://github.com/algolia/algoliasearch-client-php",
            "time": "2015-05-27 12:37:42"
        },
        {
            "name": "twbs/bootstrap",
            "version": "v3.3.5",
            "source": {
                "type": "git",
                "url": "https://github.com/twbs/bootstrap.git",
                "reference": "16b48259a62f576e52c903c476bd42b90ab22482"
            },
            "dist": {
                "type": "zip",
                "url": "https://api.github.com/repos/twbs/bootstrap/zipball/16b48259a62f576e52c903c476bd42b90ab22482",
                "reference": "16b48259a62f576e52c903c476bd42b90ab22482",
                "shasum": ""
            },
            "replace": {
                "twitter/bootstrap": "self.version"
            },
            "type": "library",
            "extra": {
                "branch-alias": {
                    "dev-master": "3.3.x-dev"
                }
            },
            "notification-url": "https://packagist.org/downloads/",
            "license": [
                "MIT"
            ],
            "authors": [
                {
                    "name": "Jacob Thornton",
                    "email": "jacobthornton@gmail.com"
                },
                {
                    "name": "Mark Otto",
                    "email": "markdotto@gmail.com"
                }
            ],
            "description": "The most popular front-end framework for developing responsive, mobile first projects on the web.",
            "homepage": "http://getbootstrap.com",
            "keywords": [
                "JS",
                "css",
                "framework",
                "front-end",
                "less",
                "mobile-first",
                "responsive",
                "web"
            ],
            "time": "2015-06-16 16:13:22"
        }
    ],
    "packages-dev": [],
    "aliases": [],
    "minimum-stability": "stable",
    "stability-flags": [],
    "prefer-stable": false,
    "prefer-lowest": false,
    "platform": [],
    "platform-dev": []
}
